<?xml version="1.0" encoding="UTF-8" standalone="yes" ?>
<CodeBlocks_project_file>
	<FileVersion major="1" minor="6" />
	<Project>
		<Option title="The Last Battle" />
		<Option pch_mode="2" />
		<Option compiler="gcc" />
		<Build>
			<Target title="Debug">
				<Option output="bin/Debug/The Last Battle" prefix_auto="1" extension_auto="1" />
				<Option object_output="obj/Debug/" />
				<Option type="1" />
				<Option compiler="gcc" />
				<Compiler>
					<Add option="-g" />
				</Compiler>
			</Target>
			<Target title="Release">
				<Option output="bin/Release/The Last Battle" prefix_auto="1" extension_auto="1" />
				<Option object_output="obj/Release/" />
				<Option type="1" />
				<Option compiler="gcc" />
				<Compiler>
					<Add option="-O2" />
				</Compiler>
				<Linker>
					<Add option="-s" />
				</Linker>
			</Target>
		</Build>
		<Compiler>
			<Add option="-Wall" />
			<Add option="-fexceptions" />
		</Compiler>
		<Unit filename="Arquero.cpp" />
		<Unit filename="Arquero.h" />
		<Unit filename="Casillero.cpp" />
		<Unit filename="Casillero.h" />
		<Unit filename="Contendiente.cpp" />
		<Unit filename="Contendiente.h" />
		<Unit filename="Cursor.h" />
		<Unit filename="Enano.cpp" />
		<Unit filename="Enano.h" />
		<Unit filename="Juego.cpp" />
		<Unit filename="Juego.h" />
		<Unit filename="Jugador.cpp" />
		<Unit filename="Jugador.h" />
		<Unit filename="Knight.cpp" />
		<Unit filename="Knight.h" />
		<Unit filename="ListaSE.h" />
		<Unit filename="Ninja.cpp" />
		<Unit filename="Ninja.h" />
		<Unit filename="NodoS.h" />
		<Unit filename="Samurai.cpp" />
		<Unit filename="Samurai.h" />
		<Unit filename="Tablero.cpp" />
		<Unit filename="Tablero.h" />
		<Unit filename="Tropa.cpp" />
		<Unit filename="Tropa.h" />
		<Unit filename="main.cpp" />
		<Extensions>
			<code_completion />
			<envvars />
			<debugger />
		</Extensions>
	</Project>
</CodeBlocks_project_file>
